
Microsoft Visual Studio Solution File, Format Version 12.00
# Visual Studio Version 17
VisualStudioVersion = 17.4.33110.190
MinimumVisualStudioVersion = 10.0.40219.1
Project("{FAE04EC0-301F-11D3-BF4B-00C04F79EFBC}") = "Labb 4 Databas Charlie", "Labb 4 Databas Charlie\Labb 4 Databas Charlie.csproj", "{C739B663-8643-42EF-9E2A-942785115006}"
EndProject
Global
	GlobalSection(SolutionConfigurationPlatforms) = preSolution
		Debug|Any CPU = Debug|Any CPU
		Release|Any CPU = Release|Any CPU
	EndGlobalSection
	GlobalSection(ProjectConfigurationPlatforms) = postSolution
		{C739B663-8643-42EF-9E2A-942785115006}.Debug|Any CPU.ActiveCfg = Debug|Any CPU
		{C739B663-8643-42EF-9E2A-942785115006}.Debug|Any CPU.Build.0 = Debug|Any CPU
		{C739B663-8643-42EF-9E2A-942785115006}.Release|Any CPU.ActiveCfg = Release|Any CPU
		{C739B663-8643-42EF-9E2A-942785115006}.Release|Any CPU.Build.0 = Release|Any CPU
	EndGlobalSection
	GlobalSection(SolutionProperties) = preSolution
		HideSolutionNode = FALSE
	EndGlobalSection
	GlobalSection(ExtensibilityGlobals) = postSolution
		SolutionGuid = {50E67975-B550-4F9E-940A-63628401F0A6}
	EndGlobalSection
EndGlobal
